// !$*UTF8*$!
{
	archiveVersion = 1;
	classes = {
	};
	objectVersion = 55;
	objects = {

/* Begin PBXBuildFile section */
		0E98500F298A03180043468C /* AppDelegate.swift in Sources */ = {isa = PBXBuildFile; fileRef = 0E98500E298A03180043468C /* AppDelegate.swift */; };
		0E985011298A03180043468C /* SceneDelegate.swift in Sources */ = {isa = PBXBuildFile; fileRef = 0E985010298A03180043468C /* SceneDelegate.swift */; };
		0E985016298A03180043468C /* Main.storyboard in Resources */ = {isa = PBXBuildFile; fileRef = 0E985014298A03180043468C /* Main.storyboard */; };
		0E985018298A031A0043468C /* Assets.xcassets in Resources */ = {isa = PBXBuildFile; fileRef = 0E985017298A031A0043468C /* Assets.xcassets */; };
		0E98501B298A031A0043468C /* LaunchScreen.storyboard in Resources */ = {isa = PBXBuildFile; fileRef = 0E985019298A031A0043468C /* LaunchScreen.storyboard */; };
		0E985025298A06EB0043468C /* NotesViewController.swift in Sources */ = {isa = PBXBuildFile; fileRef = 0E985024298A06EB0043468C /* NotesViewController.swift */; };
		0E985029298A09260043468C /* NoteCollectionViewCell.swift in Sources */ = {isa = PBXBuildFile; fileRef = 0E985027298A09260043468C /* NoteCollectionViewCell.swift */; };
		0E98502A298A09260043468C /* NoteCollectionViewCell.xib in Resources */ = {isa = PBXBuildFile; fileRef = 0E985028298A09260043468C /* NoteCollectionViewCell.xib */; };
		0E98502D298A09A40043468C /* NSObject+ClassName.swift in Sources */ = {isa = PBXBuildFile; fileRef = 0E98502C298A09A40043468C /* NSObject+ClassName.swift */; };
		0E98502F298A1C090043468C /* NoteEditorViewController.swift in Sources */ = {isa = PBXBuildFile; fileRef = 0E98502E298A1C090043468C /* NoteEditorViewController.swift */; };
		0E985031298A20010043468C /* MainNavigator.swift in Sources */ = {isa = PBXBuildFile; fileRef = 0E985030298A20010043468C /* MainNavigator.swift */; };
		0E985033298A3B710043468C /* Note.swift in Sources */ = {isa = PBXBuildFile; fileRef = 0E985032298A3B710043468C /* Note.swift */; };
		0E985035298A3EAB0043468C /* ServiceLocator.swift in Sources */ = {isa = PBXBuildFile; fileRef = 0E985034298A3EAB0043468C /* ServiceLocator.swift */; };
		0E985037298A3EBA0043468C /* StorageManager.swift in Sources */ = {isa = PBXBuildFile; fileRef = 0E985036298A3EBA0043468C /* StorageManager.swift */; };
		0E98503B298BB73D0043468C /* Convertor.swift in Sources */ = {isa = PBXBuildFile; fileRef = 0E98503A298BB73C0043468C /* Convertor.swift */; };
		0E985040298F98160043468C /* NoteEditorViewController+BarButtonForColorPicker.swift in Sources */ = {isa = PBXBuildFile; fileRef = 0E98503F298F98160043468C /* NoteEditorViewController+BarButtonForColorPicker.swift */; };
		0E985042298FA5130043468C /* NoteEditorViewController+BarButtonForList.swift in Sources */ = {isa = PBXBuildFile; fileRef = 0E985041298FA5130043468C /* NoteEditorViewController+BarButtonForList.swift */; };
		0E985046298FA8110043468C /* UITextView+RegistrationForUndoManager.swift in Sources */ = {isa = PBXBuildFile; fileRef = 0E985045298FA8110043468C /* UITextView+RegistrationForUndoManager.swift */; };
		0E985049298FA8960043468C /* UITextView+GetRowBeginning.swift in Sources */ = {isa = PBXBuildFile; fileRef = 0E985048298FA8960043468C /* UITextView+GetRowBeginning.swift */; };
		0E98504C298FA96F0043468C /* NSAttributedString+Insert+Overload'+'.swift in Sources */ = {isa = PBXBuildFile; fileRef = 0E98504B298FA96F0043468C /* NSAttributedString+Insert+Overload'+'.swift */; };
		0E98504F298FA9C90043468C /* UIImage+Scale.swift in Sources */ = {isa = PBXBuildFile; fileRef = 0E98504E298FA9C90043468C /* UIImage+Scale.swift */; };
		0E985052298FAA280043468C /* UIFont+Bold+Italic.swift in Sources */ = {isa = PBXBuildFile; fileRef = 0E985051298FAA280043468C /* UIFont+Bold+Italic.swift */; };
		0E985055298FAA9D0043468C /* UIView+FirstResponder.swift in Sources */ = {isa = PBXBuildFile; fileRef = 0E985054298FAA9D0043468C /* UIView+FirstResponder.swift */; };
		0E985057298FAAB00043468C /* UIView+shadow.swift in Sources */ = {isa = PBXBuildFile; fileRef = 0E985056298FAAB00043468C /* UIView+shadow.swift */; };
		0E985059298FAB390043468C /* NoteEditorViewController+ImagePicker.swift in Sources */ = {isa = PBXBuildFile; fileRef = 0E985058298FAB390043468C /* NoteEditorViewController+ImagePicker.swift */; };
		0E98505B298FAB5E0043468C /* NoteEditorViewController+FontSizePickerView.swift in Sources */ = {isa = PBXBuildFile; fileRef = 0E98505A298FAB5E0043468C /* NoteEditorViewController+FontSizePickerView.swift */; };
		0E98505D298FAEE60043468C /* NoteEditorViewController+FontAttributes.swift in Sources */ = {isa = PBXBuildFile; fileRef = 0E98505C298FAEE60043468C /* NoteEditorViewController+FontAttributes.swift */; };
		0E98505F298FB1690043468C /* NoteEditorViewController+Undo.swift in Sources */ = {isa = PBXBuildFile; fileRef = 0E98505E298FB1690043468C /* NoteEditorViewController+Undo.swift */; };
		0E985061298FB3530043468C /* NoteEditorViewController+TextViewDelegate.swift in Sources */ = {isa = PBXBuildFile; fileRef = 0E985060298FB3530043468C /* NoteEditorViewController+TextViewDelegate.swift */; };
		0E985063298FB5870043468C /* NoteEditorViewController+Keyboard.swift in Sources */ = {isa = PBXBuildFile; fileRef = 0E985062298FB5870043468C /* NoteEditorViewController+Keyboard.swift */; };
		0E985065298FB71B0043468C /* NoteEditorViewController+DeleteTabBarButton.swift in Sources */ = {isa = PBXBuildFile; fileRef = 0E985064298FB71B0043468C /* NoteEditorViewController+DeleteTabBarButton.swift */; };
/* End PBXBuildFile section */

/* Begin PBXFileReference section */
		0E98500B298A03180043468C /* Note.app */ = {isa = PBXFileReference; explicitFileType = wrapper.application; includeInIndex = 0; path = Note.app; sourceTree = BUILT_PRODUCTS_DIR; };
		0E98500E298A03180043468C /* AppDelegate.swift */ = {isa = PBXFileReference; lastKnownFileType = sourcecode.swift; path = AppDelegate.swift; sourceTree = "<group>"; };
		0E985010298A03180043468C /* SceneDelegate.swift */ = {isa = PBXFileReference; lastKnownFileType = sourcecode.swift; path = SceneDelegate.swift; sourceTree = "<group>"; };
		0E985015298A03180043468C /* Base */ = {isa = PBXFileReference; lastKnownFileType = file.storyboard; name = Base; path = Base.lproj/Main.storyboard; sourceTree = "<group>"; };
		0E985017298A031A0043468C /* Assets.xcassets */ = {isa = PBXFileReference; lastKnownFileType = folder.assetcatalog; path = Assets.xcassets; sourceTree = "<group>"; };
		0E98501A298A031A0043468C /* Base */ = {isa = PBXFileReference; lastKnownFileType = file.storyboard; name = Base; path = Base.lproj/LaunchScreen.storyboard; sourceTree = "<group>"; };
		0E98501C298A031A0043468C /* Info.plist */ = {isa = PBXFileReference; lastKnownFileType = text.plist.xml; path = Info.plist; sourceTree = "<group>"; };
		0E985024298A06EB0043468C /* NotesViewController.swift */ = {isa = PBXFileReference; lastKnownFileType = sourcecode.swift; path = NotesViewController.swift; sourceTree = "<group>"; };
		0E985027298A09260043468C /* NoteCollectionViewCell.swift */ = {isa = PBXFileReference; lastKnownFileType = sourcecode.swift; path = NoteCollectionViewCell.swift; sourceTree = "<group>"; };
		0E985028298A09260043468C /* NoteCollectionViewCell.xib */ = {isa = PBXFileReference; lastKnownFileType = file.xib; path = NoteCollectionViewCell.xib; sourceTree = "<group>"; };
		0E98502C298A09A40043468C /* NSObject+ClassName.swift */ = {isa = PBXFileReference; fileEncoding = 4; lastKnownFileType = sourcecode.swift; path = "NSObject+ClassName.swift"; sourceTree = "<group>"; };
		0E98502E298A1C090043468C /* NoteEditorViewController.swift */ = {isa = PBXFileReference; lastKnownFileType = sourcecode.swift; path = NoteEditorViewController.swift; sourceTree = "<group>"; };
		0E985030298A20010043468C /* MainNavigator.swift */ = {isa = PBXFileReference; fileEncoding = 4; lastKnownFileType = sourcecode.swift; path = MainNavigator.swift; sourceTree = "<group>"; };
		0E985032298A3B710043468C /* Note.swift */ = {isa = PBXFileReference; lastKnownFileType = sourcecode.swift; path = Note.swift; sourceTree = "<group>"; };
		0E985034298A3EAB0043468C /* ServiceLocator.swift */ = {isa = PBXFileReference; fileEncoding = 4; lastKnownFileType = sourcecode.swift; path = ServiceLocator.swift; sourceTree = "<group>"; };
		0E985036298A3EBA0043468C /* StorageManager.swift */ = {isa = PBXFileReference; fileEncoding = 4; lastKnownFileType = sourcecode.swift; path = StorageManager.swift; sourceTree = "<group>"; };
		0E98503A298BB73C0043468C /* Convertor.swift */ = {isa = PBXFileReference; lastKnownFileType = sourcecode.swift; path = Convertor.swift; sourceTree = "<group>"; };
		0E98503F298F98160043468C /* NoteEditorViewController+BarButtonForColorPicker.swift */ = {isa = PBXFileReference; lastKnownFileType = sourcecode.swift; path = "NoteEditorViewController+BarButtonForColorPicker.swift"; sourceTree = "<group>"; };
		0E985041298FA5130043468C /* NoteEditorViewController+BarButtonForList.swift */ = {isa = PBXFileReference; lastKnownFileType = sourcecode.swift; path = "NoteEditorViewController+BarButtonForList.swift"; sourceTree = "<group>"; };
		0E985045298FA8110043468C /* UITextView+RegistrationForUndoManager.swift */ = {isa = PBXFileReference; lastKnownFileType = sourcecode.swift; path = "UITextView+RegistrationForUndoManager.swift"; sourceTree = "<group>"; };
		0E985048298FA8960043468C /* UITextView+GetRowBeginning.swift */ = {isa = PBXFileReference; lastKnownFileType = sourcecode.swift; path = "UITextView+GetRowBeginning.swift"; sourceTree = "<group>"; };
		0E98504B298FA96F0043468C /* NSAttributedString+Insert+Overload'+'.swift */ = {isa = PBXFileReference; lastKnownFileType = sourcecode.swift; path = "NSAttributedString+Insert+Overload'+'.swift"; sourceTree = "<group>"; };
		0E98504E298FA9C90043468C /* UIImage+Scale.swift */ = {isa = PBXFileReference; lastKnownFileType = sourcecode.swift; path = "UIImage+Scale.swift"; sourceTree = "<group>"; };
		0E985051298FAA280043468C /* UIFont+Bold+Italic.swift */ = {isa = PBXFileReference; lastKnownFileType = sourcecode.swift; path = "UIFont+Bold+Italic.swift"; sourceTree = "<group>"; };
		0E985054298FAA9D0043468C /* UIView+FirstResponder.swift */ = {isa = PBXFileReference; lastKnownFileType = sourcecode.swift; path = "UIView+FirstResponder.swift"; sourceTree = "<group>"; };
		0E985056298FAAB00043468C /* UIView+shadow.swift */ = {isa = PBXFileReference; lastKnownFileType = sourcecode.swift; path = "UIView+shadow.swift"; sourceTree = "<group>"; };
		0E985058298FAB390043468C /* NoteEditorViewController+ImagePicker.swift */ = {isa = PBXFileReference; lastKnownFileType = sourcecode.swift; path = "NoteEditorViewController+ImagePicker.swift"; sourceTree = "<group>"; };
		0E98505A298FAB5E0043468C /* NoteEditorViewController+FontSizePickerView.swift */ = {isa = PBXFileReference; lastKnownFileType = sourcecode.swift; path = "NoteEditorViewController+FontSizePickerView.swift"; sourceTree = "<group>"; };
		0E98505C298FAEE60043468C /* NoteEditorViewController+FontAttributes.swift */ = {isa = PBXFileReference; lastKnownFileType = sourcecode.swift; path = "NoteEditorViewController+FontAttributes.swift"; sourceTree = "<group>"; };
		0E98505E298FB1690043468C /* NoteEditorViewController+Undo.swift */ = {isa = PBXFileReference; lastKnownFileType = sourcecode.swift; path = "NoteEditorViewController+Undo.swift"; sourceTree = "<group>"; };
		0E985060298FB3530043468C /* NoteEditorViewController+TextViewDelegate.swift */ = {isa = PBXFileReference; lastKnownFileType = sourcecode.swift; path = "NoteEditorViewController+TextViewDelegate.swift"; sourceTree = "<group>"; };
		0E985062298FB5870043468C /* NoteEditorViewController+Keyboard.swift */ = {isa = PBXFileReference; lastKnownFileType = sourcecode.swift; path = "NoteEditorViewController+Keyboard.swift"; sourceTree = "<group>"; };
		0E985064298FB71B0043468C /* NoteEditorViewController+DeleteTabBarButton.swift */ = {isa = PBXFileReference; lastKnownFileType = sourcecode.swift; path = "NoteEditorViewController+DeleteTabBarButton.swift"; sourceTree = "<group>"; };
/* End PBXFileReference section */

/* Begin PBXFrameworksBuildPhase section */
		0E985008298A03180043468C /* Frameworks */ = {
			isa = PBXFrameworksBuildPhase;
			buildActionMask = 2147483647;
			files = (
			);
			runOnlyForDeploymentPostprocessing = 0;
		};
/* End PBXFrameworksBuildPhase section */

/* Begin PBXGroup section */
		0E985002298A03180043468C = {
			isa = PBXGroup;
			children = (
				0E98500D298A03180043468C /* Note */,
				0E98500C298A03180043468C /* Products */,
			);
			sourceTree = "<group>";
		};
		0E98500C298A03180043468C /* Products */ = {
			isa = PBXGroup;
			children = (
				0E98500B298A03180043468C /* Note.app */,
			);
			name = Products;
			sourceTree = "<group>";
		};
		0E98500D298A03180043468C /* Note */ = {
			isa = PBXGroup;
			children = (
				0E98506A298FE8E30043468C /* Additions */,
				0E985068298FE8830043468C /* Services */,
				0E985067298FE8620043468C /* NoteEditorViewController */,
				0E985066298FE83B0043468C /* NoteViewController */,
				0E985043298FA7D50043468C /* Extensions */,
				0E98500E298A03180043468C /* AppDelegate.swift */,
				0E985010298A03180043468C /* SceneDelegate.swift */,
				0E985014298A03180043468C /* Main.storyboard */,
				0E985017298A031A0043468C /* Assets.xcassets */,
				0E985019298A031A0043468C /* LaunchScreen.storyboard */,
				0E98501C298A031A0043468C /* Info.plist */,
			);
			path = Note;
			sourceTree = "<group>";
		};
		0E985026298A08E30043468C /* NoteCollectionViewCell */ = {
			isa = PBXGroup;
			children = (
				0E985027298A09260043468C /* NoteCollectionViewCell.swift */,
				0E985028298A09260043468C /* NoteCollectionViewCell.xib */,
			);
			path = NoteCollectionViewCell;
			sourceTree = "<group>";
		};
		0E985043298FA7D50043468C /* Extensions */ = {
			isa = PBXGroup;
			children = (
				0E98506B298FE8FC0043468C /* NSObject */,
				0E985053298FAA7E0043468C /* UIView */,
				0E985050298FAA070043468C /* UIFont */,
				0E98504D298FA9990043468C /* UIImage */,
				0E98504A298FA91B0043468C /* NSAttributedString */,
				0E985047298FA81A0043468C /* NoteEditorViewController */,
				0E985044298FA7E90043468C /* UITextView */,
			);
			path = Extensions;
			sourceTree = "<group>";
		};
		0E985044298FA7E90043468C /* UITextView */ = {
			isa = PBXGroup;
			children = (
				0E985045298FA8110043468C /* UITextView+RegistrationForUndoManager.swift */,
				0E985048298FA8960043468C /* UITextView+GetRowBeginning.swift */,
			);
			path = UITextView;
			sourceTree = "<group>";
		};
		0E985047298FA81A0043468C /* NoteEditorViewController */ = {
			isa = PBXGroup;
			children = (
				0E98503F298F98160043468C /* NoteEditorViewController+BarButtonForColorPicker.swift */,
				0E985041298FA5130043468C /* NoteEditorViewController+BarButtonForList.swift */,
				0E985058298FAB390043468C /* NoteEditorViewController+ImagePicker.swift */,
				0E98505A298FAB5E0043468C /* NoteEditorViewController+FontSizePickerView.swift */,
				0E98505C298FAEE60043468C /* NoteEditorViewController+FontAttributes.swift */,
				0E98505E298FB1690043468C /* NoteEditorViewController+Undo.swift */,
				0E985060298FB3530043468C /* NoteEditorViewController+TextViewDelegate.swift */,
				0E985062298FB5870043468C /* NoteEditorViewController+Keyboard.swift */,
				0E985064298FB71B0043468C /* NoteEditorViewController+DeleteTabBarButton.swift */,
			);
			path = NoteEditorViewController;
			sourceTree = "<group>";
		};
		0E98504A298FA91B0043468C /* NSAttributedString */ = {
			isa = PBXGroup;
			children = (
				0E98504B298FA96F0043468C /* NSAttributedString+Insert+Overload'+'.swift */,
			);
			path = NSAttributedString;
			sourceTree = "<group>";
		};
		0E98504D298FA9990043468C /* UIImage */ = {
			isa = PBXGroup;
			children = (
				0E98504E298FA9C90043468C /* UIImage+Scale.swift */,
			);
			path = UIImage;
			sourceTree = "<group>";
		};
		0E985050298FAA070043468C /* UIFont */ = {
			isa = PBXGroup;
			children = (
				0E985051298FAA280043468C /* UIFont+Bold+Italic.swift */,
			);
			path = UIFont;
			sourceTree = "<group>";
		};
		0E985053298FAA7E0043468C /* UIView */ = {
			isa = PBXGroup;
			children = (
				0E985054298FAA9D0043468C /* UIView+FirstResponder.swift */,
				0E985056298FAAB00043468C /* UIView+shadow.swift */,
			);
			path = UIView;
			sourceTree = "<group>";
		};
		0E985066298FE83B0043468C /* NoteViewController */ = {
			isa = PBXGroup;
			children = (
				0E985026298A08E30043468C /* NoteCollectionViewCell */,
				0E985024298A06EB0043468C /* NotesViewController.swift */,
			);
			path = NoteViewController;
			sourceTree = "<group>";
		};
		0E985067298FE8620043468C /* NoteEditorViewController */ = {
			isa = PBXGroup;
			children = (
				0E98502E298A1C090043468C /* NoteEditorViewController.swift */,
			);
			path = NoteEditorViewController;
			sourceTree = "<group>";
		};
		0E985068298FE8830043468C /* Services */ = {
			isa = PBXGroup;
			children = (
				0E985034298A3EAB0043468C /* ServiceLocator.swift */,
				0E985069298FE8AD0043468C /* StorageManager */,
			);
			path = Services;
			sourceTree = "<group>";
		};
		0E985069298FE8AD0043468C /* StorageManager */ = {
			isa = PBXGroup;
			children = (
				0E985036298A3EBA0043468C /* StorageManager.swift */,
			);
			path = StorageManager;
			sourceTree = "<group>";
		};
		0E98506A298FE8E30043468C /* Additions */ = {
			isa = PBXGroup;
			children = (
				0E98506D298FE9480043468C /* Structures */,
				0E98506C298FE93D0043468C /* Classes */,
			);
			path = Additions;
			sourceTree = "<group>";
		};
		0E98506B298FE8FC0043468C /* NSObject */ = {
			isa = PBXGroup;
			children = (
				0E98502C298A09A40043468C /* NSObject+ClassName.swift */,
			);
			path = NSObject;
			sourceTree = "<group>";
		};
		0E98506C298FE93D0043468C /* Classes */ = {
			isa = PBXGroup;
			children = (
				0E98503A298BB73C0043468C /* Convertor.swift */,
			);
			path = Classes;
			sourceTree = "<group>";
		};
		0E98506D298FE9480043468C /* Structures */ = {
			isa = PBXGroup;
			children = (
				0E985032298A3B710043468C /* Note.swift */,
				0E985030298A20010043468C /* MainNavigator.swift */,
			);
			path = Structures;
			sourceTree = "<group>";
		};
/* End PBXGroup section */

/* Begin PBXNativeTarget section */
		0E98500A298A03180043468C /* Note */ = {
			isa = PBXNativeTarget;
			buildConfigurationList = 0E98501F298A031A0043468C /* Build configuration list for PBXNativeTarget "Note" */;
			buildPhases = (
				0E985007298A03180043468C /* Sources */,
				0E985008298A03180043468C /* Frameworks */,
				0E985009298A03180043468C /* Resources */,
			);
			buildRules = (
			);
			dependencies = (
			);
			name = Note;
			productName = Note;
			productReference = 0E98500B298A03180043468C /* Note.app */;
			productType = "com.apple.product-type.application";
		};
/* End PBXNativeTarget section */

/* Begin PBXProject section */
		0E985003298A03180043468C /* Project object */ = {
			isa = PBXProject;
			attributes = {
				BuildIndependentTargetsInParallel = 1;
				LastSwiftUpdateCheck = 1340;
				LastUpgradeCheck = 1340;
				TargetAttributes = {
					0E98500A298A03180043468C = {
						CreatedOnToolsVersion = 13.4.1;
					};
				};
			};
			buildConfigurationList = 0E985006298A03180043468C /* Build configuration list for PBXProject "Note" */;
			compatibilityVersion = "Xcode 13.0";
			developmentRegion = en;
			hasScannedForEncodings = 0;
			knownRegions = (
				en,
				Base,
			);
			mainGroup = 0E985002298A03180043468C;
			productRefGroup = 0E98500C298A03180043468C /* Products */;
			projectDirPath = "";
			projectRoot = "";
			targets = (
				0E98500A298A03180043468C /* Note */,
			);
		};
/* End PBXProject section */

/* Begin PBXResourcesBuildPhase section */
		0E985009298A03180043468C /* Resources */ = {
			isa = PBXResourcesBuildPhase;
			buildActionMask = 2147483647;
			files = (
				0E98502A298A09260043468C /* NoteCollectionViewCell.xib in Resources */,
				0E98501B298A031A0043468C /* LaunchScreen.storyboard in Resources */,
				0E985018298A031A0043468C /* Assets.xcassets in Resources */,
				0E985016298A03180043468C /* Main.storyboard in Resources */,
			);
			runOnlyForDeploymentPostprocessing = 0;
		};
/* End PBXResourcesBuildPhase section */

/* Begin PBXSourcesBuildPhase section */
		0E985007298A03180043468C /* Sources */ = {
			isa = PBXSourcesBuildPhase;
			buildActionMask = 2147483647;
			files = (
				0E985059298FAB390043468C /* NoteEditorViewController+ImagePicker.swift in Sources */,
				0E985025298A06EB0043468C /* NotesViewController.swift in Sources */,
				0E98503B298BB73D0043468C /* Convertor.swift in Sources */,
				0E985055298FAA9D0043468C /* UIView+FirstResponder.swift in Sources */,
				0E98502F298A1C090043468C /* NoteEditorViewController.swift in Sources */,
				0E985042298FA5130043468C /* NoteEditorViewController+BarButtonForList.swift in Sources */,
				0E985037298A3EBA0043468C /* StorageManager.swift in Sources */,
				0E98502D298A09A40043468C /* NSObject+ClassName.swift in Sources */,
				0E98504F298FA9C90043468C /* UIImage+Scale.swift in Sources */,
				0E985057298FAAB00043468C /* UIView+shadow.swift in Sources */,
				0E985063298FB5870043468C /* NoteEditorViewController+Keyboard.swift in Sources */,
				0E985052298FAA280043468C /* UIFont+Bold+Italic.swift in Sources */,
				0E98504C298FA96F0043468C /* NSAttributedString+Insert+Overload'+'.swift in Sources */,
				0E985029298A09260043468C /* NoteCollectionViewCell.swift in Sources */,
				0E98505D298FAEE60043468C /* NoteEditorViewController+FontAttributes.swift in Sources */,
				0E985033298A3B710043468C /* Note.swift in Sources */,
				0E985049298FA8960043468C /* UITextView+GetRowBeginning.swift in Sources */,
				0E985035298A3EAB0043468C /* ServiceLocator.swift in Sources */,
				0E985046298FA8110043468C /* UITextView+RegistrationForUndoManager.swift in Sources */,
				0E98500F298A03180043468C /* AppDelegate.swift in Sources */,
				0E98505F298FB1690043468C /* NoteEditorViewController+Undo.swift in Sources */,
				0E985061298FB3530043468C /* NoteEditorViewController+TextViewDelegate.swift in Sources */,
				0E985065298FB71B0043468C /* NoteEditorViewController+DeleteTabBarButton.swift in Sources */,
				0E98505B298FAB5E0043468C /* NoteEditorViewController+FontSizePickerView.swift in Sources */,
				0E985040298F98160043468C /* NoteEditorViewController+BarButtonForColorPicker.swift in Sources */,
				0E985031298A20010043468C /* MainNavigator.swift in Sources */,
				0E985011298A03180043468C /* SceneDelegate.swift in Sources */,
			);
			runOnlyForDeploymentPostprocessing = 0;
		};
/* End PBXSourcesBuildPhase section */

/* Begin PBXVariantGroup section */
		0E985014298A03180043468C /* Main.storyboard */ = {
			isa = PBXVariantGroup;
			children = (
				0E985015298A03180043468C /* Base */,
			);
			name = Main.storyboard;
			sourceTree = "<group>";
		};
		0E985019298A031A0043468C /* LaunchScreen.storyboard */ = {
			isa = PBXVariantGroup;
			children = (
				0E98501A298A031A0043468C /* Base */,
			);
			name = LaunchScreen.storyboard;
			sourceTree = "<group>";
		};
/* End PBXVariantGroup section */

/* Begin XCBuildConfiguration section */
		0E98501D298A031A0043468C /* Debug */ = {
			isa = XCBuildConfiguration;
			buildSettings = {
				ALWAYS_SEARCH_USER_PATHS = NO;
				CLANG_ANALYZER_NONNULL = YES;
				CLANG_ANALYZER_NUMBER_OBJECT_CONVERSION = YES_AGGRESSIVE;
				CLANG_CXX_LANGUAGE_STANDARD = "gnu++17";
				CLANG_ENABLE_MODULES = YES;
				CLANG_ENABLE_OBJC_ARC = YES;
				CLANG_ENABLE_OBJC_WEAK = YES;
				CLANG_WARN_BLOCK_CAPTURE_AUTORELEASING = YES;
				CLANG_WARN_BOOL_CONVERSION = YES;
				CLANG_WARN_COMMA = YES;
				CLANG_WARN_CONSTANT_CONVERSION = YES;
				CLANG_WARN_DEPRECATED_OBJC_IMPLEMENTATIONS = YES;
				CLANG_WARN_DIRECT_OBJC_ISA_USAGE = YES_ERROR;
				CLANG_WARN_DOCUMENTATION_COMMENTS = YES;
				CLANG_WARN_EMPTY_BODY = YES;
				CLANG_WARN_ENUM_CONVERSION = YES;
				CLANG_WARN_INFINITE_RECURSION = YES;
				CLANG_WARN_INT_CONVERSION = YES;
				CLANG_WARN_NON_LITERAL_NULL_CONVERSION = YES;
				CLANG_WARN_OBJC_IMPLICIT_RETAIN_SELF = YES;
				CLANG_WARN_OBJC_LITERAL_CONVERSION = YES;
				CLANG_WARN_OBJC_ROOT_CLASS = YES_ERROR;
				CLANG_WARN_QUOTED_INCLUDE_IN_FRAMEWORK_HEADER = YES;
				CLANG_WARN_RANGE_LOOP_ANALYSIS = YES;
				CLANG_WARN_STRICT_PROTOTYPES = YES;
				CLANG_WARN_SUSPICIOUS_MOVE = YES;
				CLANG_WARN_UNGUARDED_AVAILABILITY = YES_AGGRESSIVE;
				CLANG_WARN_UNREACHABLE_CODE = YES;
				CLANG_WARN__DUPLICATE_METHOD_MATCH = YES;
				COPY_PHASE_STRIP = NO;
				DEBUG_INFORMATION_FORMAT = dwarf;
				ENABLE_STRICT_OBJC_MSGSEND = YES;
				ENABLE_TESTABILITY = YES;
				GCC_C_LANGUAGE_STANDARD = gnu11;
				GCC_DYNAMIC_NO_PIC = NO;
				GCC_NO_COMMON_BLOCKS = YES;
				GCC_OPTIMIZATION_LEVEL = 0;
				GCC_PREPROCESSOR_DEFINITIONS = (
					"DEBUG=1",
					"$(inherited)",
				);
				GCC_WARN_64_TO_32_BIT_CONVERSION = YES;
				GCC_WARN_ABOUT_RETURN_TYPE = YES_ERROR;
				GCC_WARN_UNDECLARED_SELECTOR = YES;
				GCC_WARN_UNINITIALIZED_AUTOS = YES_AGGRESSIVE;
				GCC_WARN_UNUSED_FUNCTION = YES;
				GCC_WARN_UNUSED_VARIABLE = YES;
				IPHONEOS_DEPLOYMENT_TARGET = 15.5;
				MTL_ENABLE_DEBUG_INFO = INCLUDE_SOURCE;
				MTL_FAST_MATH = YES;
				ONLY_ACTIVE_ARCH = YES;
				SDKROOT = iphoneos;
				SWIFT_ACTIVE_COMPILATION_CONDITIONS = DEBUG;
				SWIFT_OPTIMIZATION_LEVEL = "-Onone";
			};
			name = Debug;
		};
		0E98501E298A031A0043468C /* Release */ = {
			isa = XCBuildConfiguration;
			buildSettings = {
				ALWAYS_SEARCH_USER_PATHS = NO;
				CLANG_ANALYZER_NONNULL = YES;
				CLANG_ANALYZER_NUMBER_OBJECT_CONVERSION = YES_AGGRESSIVE;
				CLANG_CXX_LANGUAGE_STANDARD = "gnu++17";
				CLANG_ENABLE_MODULES = YES;
				CLANG_ENABLE_OBJC_ARC = YES;
				CLANG_ENABLE_OBJC_WEAK = YES;
				CLANG_WARN_BLOCK_CAPTURE_AUTORELEASING = YES;
				CLANG_WARN_BOOL_CONVERSION = YES;
				CLANG_WARN_COMMA = YES;
				CLANG_WARN_CONSTANT_CONVERSION = YES;
				CLANG_WARN_DEPRECATED_OBJC_IMPLEMENTATIONS = YES;
				CLANG_WARN_DIRECT_OBJC_ISA_USAGE = YES_ERROR;
				CLANG_WARN_DOCUMENTATION_COMMENTS = YES;
				CLANG_WARN_EMPTY_BODY = YES;
				CLANG_WARN_ENUM_CONVERSION = YES;
				CLANG_WARN_INFINITE_RECURSION = YES;
				CLANG_WARN_INT_CONVERSION = YES;
				CLANG_WARN_NON_LITERAL_NULL_CONVERSION = YES;
				CLANG_WARN_OBJC_IMPLICIT_RETAIN_SELF = YES;
				CLANG_WARN_OBJC_LITERAL_CONVERSION = YES;
				CLANG_WARN_OBJC_ROOT_CLASS = YES_ERROR;
				CLANG_WARN_QUOTED_INCLUDE_IN_FRAMEWORK_HEADER = YES;
				CLANG_WARN_RANGE_LOOP_ANALYSIS = YES;
				CLANG_WARN_STRICT_PROTOTYPES = YES;
				CLANG_WARN_SUSPICIOUS_MOVE = YES;
				CLANG_WARN_UNGUARDED_AVAILABILITY = YES_AGGRESSIVE;
				CLANG_WARN_UNREACHABLE_CODE = YES;
				CLANG_WARN__DUPLICATE_METHOD_MATCH = YES;
				COPY_PHASE_STRIP = NO;
				DEBUG_INFORMATION_FORMAT = "dwarf-with-dsym";
				ENABLE_NS_ASSERTIONS = NO;
				ENABLE_STRICT_OBJC_MSGSEND = YES;
				GCC_C_LANGUAGE_STANDARD = gnu11;
				GCC_NO_COMMON_BLOCKS = YES;
				GCC_WARN_64_TO_32_BIT_CONVERSION = YES;
				GCC_WARN_ABOUT_RETURN_TYPE = YES_ERROR;
				GCC_WARN_UNDECLARED_SELECTOR = YES;
				GCC_WARN_UNINITIALIZED_AUTOS = YES_AGGRESSIVE;
				GCC_WARN_UNUSED_FUNCTION = YES;
				GCC_WARN_UNUSED_VARIABLE = YES;
				IPHONEOS_DEPLOYMENT_TARGET = 15.5;
				MTL_ENABLE_DEBUG_INFO = NO;
				MTL_FAST_MATH = YES;
				SDKROOT = iphoneos;
				SWIFT_COMPILATION_MODE = wholemodule;
				SWIFT_OPTIMIZATION_LEVEL = "-O";
				VALIDATE_PRODUCT = YES;
			};
			name = Release;
		};
		0E985020298A031A0043468C /* Debug */ = {
			isa = XCBuildConfiguration;
			buildSettings = {
				ASSETCATALOG_COMPILER_APPICON_NAME = AppIcon;
				ASSETCATALOG_COMPILER_GLOBAL_ACCENT_COLOR_NAME = AccentColor;
				CODE_SIGN_STYLE = Automatic;
				CURRENT_PROJECT_VERSION = 1;
				DEVELOPMENT_TEAM = NLAP4M3WXM;
				GENERATE_INFOPLIST_FILE = YES;
				INFOPLIST_FILE = Note/Info.plist;
				INFOPLIST_KEY_UIApplicationSupportsIndirectInputEvents = YES;
				INFOPLIST_KEY_UILaunchStoryboardName = LaunchScreen;
				INFOPLIST_KEY_UIMainStoryboardFile = Main;
				INFOPLIST_KEY_UISupportedInterfaceOrientations_iPad = "UIInterfaceOrientationPortrait UIInterfaceOrientationPortraitUpsideDown UIInterfaceOrientationLandscapeLeft UIInterfaceOrientationLandscapeRight";
				INFOPLIST_KEY_UISupportedInterfaceOrientations_iPhone = "UIInterfaceOrientationPortrait UIInterfaceOrientationLandscapeLeft UIInterfaceOrientationLandscapeRight";
				LD_RUNPATH_SEARCH_PATHS = (
					"$(inherited)",
					"@executable_path/Frameworks",
				);
				MARKETING_VERSION = 1.0;
				PRODUCT_BUNDLE_IDENTIFIER = Student.Note;
				PRODUCT_NAME = "$(TARGET_NAME)";
				SWIFT_EMIT_LOC_STRINGS = YES;
				SWIFT_VERSION = 5.0;
				TARGETED_DEVICE_FAMILY = "1,2";
			};
			name = Debug;
		};
		0E985021298A031A0043468C /* Release */ = {
			isa = XCBuildConfiguration;
			buildSettings = {
				ASSETCATALOG_COMPILER_APPICON_NAME = AppIcon;
				ASSETCATALOG_COMPILER_GLOBAL_ACCENT_COLOR_NAME = AccentColor;
				CODE_SIGN_STYLE = Automatic;
				CURRENT_PROJECT_VERSION = 1;
				DEVELOPMENT_TEAM = NLAP4M3WXM;
				GENERATE_INFOPLIST_FILE = YES;
				INFOPLIST_FILE = Note/Info.plist;
				INFOPLIST_KEY_UIApplicationSupportsIndirectInputEvents = YES;
				INFOPLIST_KEY_UILaunchStoryboardName = LaunchScreen;
				INFOPLIST_KEY_UIMainStoryboardFile = Main;
				INFOPLIST_KEY_UISupportedInterfaceOrientations_iPad = "UIInterfaceOrientationPortrait UIInterfaceOrientationPortraitUpsideDown UIInterfaceOrientationLandscapeLeft UIInterfaceOrientationLandscapeRight";
				INFOPLIST_KEY_UISupportedInterfaceOrientations_iPhone = "UIInterfaceOrientationPortrait UIInterfaceOrientationLandscapeLeft UIInterfaceOrientationLandscapeRight";
				LD_RUNPATH_SEARCH_PATHS = (
					"$(inherited)",
					"@executable_path/Frameworks",
				);
				MARKETING_VERSION = 1.0;
				PRODUCT_BUNDLE_IDENTIFIER = Student.Note;
				PRODUCT_NAME = "$(TARGET_NAME)";
				SWIFT_EMIT_LOC_STRINGS = YES;
				SWIFT_VERSION = 5.0;
				TARGETED_DEVICE_FAMILY = "1,2";
			};
			name = Release;
		};
/* End XCBuildConfiguration section */

/* Begin XCConfigurationList section */
		0E985006298A03180043468C /* Build configuration list for PBXProject "Note" */ = {
			isa = XCConfigurationList;
			buildConfigurations = (
				0E98501D298A031A0043468C /* Debug */,
				0E98501E298A031A0043468C /* Release */,
			);
			defaultConfigurationIsVisible = 0;
			defaultConfigurationName = Release;
		};
		0E98501F298A031A0043468C /* Build configuration list for PBXNativeTarget "Note" */ = {
			isa = XCConfigurationList;
			buildConfigurations = (
				0E985020298A031A0043468C /* Debug */,
				0E985021298A031A0043468C /* Release */,
			);
			defaultConfigurationIsVisible = 0;
			defaultConfigurationName = Release;
		};
/* End XCConfigurationList section */
	};
	rootObject = 0E985003298A03180043468C /* Project object */;
}
